
Microsoft Visual Studio Solution File, Format Version 12.00
# Visual Studio Version 16
VisualStudioVersion = 16.0.29230.47
MinimumVisualStudioVersion = 10.0.40219.1
Project("{FAE04EC0-301F-11D3-BF4B-00C04F79EFBC}") = "SeleniumLvl1Samples", "SeleniumLvl1Samples\SeleniumLvl1Samples.csproj", "{BFBA46E6-3CAB-4231-AED9-80B8E718D47F}"
EndProject
Global
	GlobalSection(SolutionConfigurationPlatforms) = preSolution
		Debug|Any CPU = Debug|Any CPU
		Release|Any CPU = Release|Any CPU
	EndGlobalSection
	GlobalSection(ProjectConfigurationPlatforms) = postSolution
		{BFBA46E6-3CAB-4231-AED9-80B8E718D47F}.Debug|Any CPU.ActiveCfg = Debug|Any CPU
		{BFBA46E6-3CAB-4231-AED9-80B8E718D47F}.Debug|Any CPU.Build.0 = Debug|Any CPU
		{BFBA46E6-3CAB-4231-AED9-80B8E718D47F}.Release|Any CPU.ActiveCfg = Release|Any CPU
		{BFBA46E6-3CAB-4231-AED9-80B8E718D47F}.Release|Any CPU.Build.0 = Release|Any CPU
	EndGlobalSection
	GlobalSection(SolutionProperties) = preSolution
		HideSolutionNode = FALSE
	EndGlobalSection
	GlobalSection(ExtensibilityGlobals) = postSolution
		SolutionGuid = {5AA536E3-2E03-481F-9CE0-626A143C7565}
	EndGlobalSection
EndGlobal
